
Microsoft Visual Studio Solution File, Format Version 12.00
# Visual Studio Version 17
VisualStudioVersion = 17.4.33122.133
MinimumVisualStudioVersion = 10.0.40219.1
Project("{9A19103F-16F7-4668-BE54-9A1E7A4F7556}") = "NSC-project", "NSC-project.csproj", "{49CFC08F-E8AB-4F20-8137-0CE8C51DCCF6}"
EndProject
Global
	GlobalSection(SolutionConfigurationPlatforms) = preSolution
		Debug|Any CPU = Debug|Any CPU
		Release|Any CPU = Release|Any CPU
	EndGlobalSection
	GlobalSection(ProjectConfigurationPlatforms) = postSolution
		{49CFC08F-E8AB-4F20-8137-0CE8C51DCCF6}.Debug|Any CPU.ActiveCfg = Debug|Any CPU
		{49CFC08F-E8AB-4F20-8137-0CE8C51DCCF6}.Debug|Any CPU.Build.0 = Debug|Any CPU
		{49CFC08F-E8AB-4F20-8137-0CE8C51DCCF6}.Release|Any CPU.ActiveCfg = Release|Any CPU
		{49CFC08F-E8AB-4F20-8137-0CE8C51DCCF6}.Release|Any CPU.Build.0 = Release|Any CPU
	EndGlobalSection
	GlobalSection(SolutionProperties) = preSolution
		HideSolutionNode = FALSE
	EndGlobalSection
	GlobalSection(ExtensibilityGlobals) = postSolution
		SolutionGuid = {0F771858-7EEC-4CE0-8FAD-554491CFF2E6}
	EndGlobalSection
EndGlobal
